
Microsoft Visual Studio Solution File, Format Version 12.00
# Visual Studio 15
VisualStudioVersion = 15.0.28010.2046
MinimumVisualStudioVersion = 10.0.40219.1
Project("{FAE04EC0-301F-11D3-BF4B-00C04F79EFBC}") = "SeleniumTests.Tests", "SeleniumTests.Tests\SeleniumTests.Tests\SeleniumTests.Tests.csproj", "{5D52F0B8-0270-4A0E-AF22-1BEC98206BA5}"
EndProject
Project("{FAE04EC0-301F-11D3-BF4B-00C04F79EFBC}") = "SeleniumTests.DummyApp", "SeleniumTests.DummyApp\SeleniumTests.DummyApp\SeleniumTests.DummyApp.csproj", "{632A370D-9A41-49B6-84CF-DF98E6A2443A}"
EndProject
Global
	GlobalSection(SolutionConfigurationPlatforms) = preSolution
		Debug|Any CPU = Debug|Any CPU
		Release|Any CPU = Release|Any CPU
	EndGlobalSection
	GlobalSection(ProjectConfigurationPlatforms) = postSolution
		{5D52F0B8-0270-4A0E-AF22-1BEC98206BA5}.Debug|Any CPU.ActiveCfg = Debug|Any CPU
		{5D52F0B8-0270-4A0E-AF22-1BEC98206BA5}.Debug|Any CPU.Build.0 = Debug|Any CPU
		{5D52F0B8-0270-4A0E-AF22-1BEC98206BA5}.Release|Any CPU.ActiveCfg = Release|Any CPU
		{5D52F0B8-0270-4A0E-AF22-1BEC98206BA5}.Release|Any CPU.Build.0 = Release|Any CPU
		{632A370D-9A41-49B6-84CF-DF98E6A2443A}.Debug|Any CPU.ActiveCfg = Debug|Any CPU
		{632A370D-9A41-49B6-84CF-DF98E6A2443A}.Debug|Any CPU.Build.0 = Debug|Any CPU
		{632A370D-9A41-49B6-84CF-DF98E6A2443A}.Release|Any CPU.ActiveCfg = Release|Any CPU
		{632A370D-9A41-49B6-84CF-DF98E6A2443A}.Release|Any CPU.Build.0 = Release|Any CPU
	EndGlobalSection
	GlobalSection(SolutionProperties) = preSolution
		HideSolutionNode = FALSE
	EndGlobalSection
	GlobalSection(ExtensibilityGlobals) = postSolution
		SolutionGuid = {526267A5-DDEC-4A06-BA52-CB3C01D1A0C6}
	EndGlobalSection
EndGlobal
